
Microsoft Visual Studio Solution File, Format Version 12.00
# Visual Studio Version 16
VisualStudioVersion = 16.0.28803.452
MinimumVisualStudioVersion = 10.0.40219.1
Project("{9A19103F-16F7-4668-BE54-9A1E7A4F7556}") = "MapBoard.UI", "MapBoard.UI\MapBoard.UI.csproj", "{F45A258E-E3BE-4870-A1FB-F725EF30A852}"
EndProject
Project("{2150E333-8FDC-42A3-9474-1A3956D46DE8}") = "解决方案文件", "解决方案文件", "{79FD6694-47B7-4E50-8DE5-2C4F25780295}"
	ProjectSection(SolutionItems) = preProject
		.gitignore = .gitignore
		README.md = README.md
		日志.md = 日志.md
	EndProjectSection
EndProject
Project("{2150E333-8FDC-42A3-9474-1A3956D46DE8}") = "libs", "libs", "{416B6C02-20D7-406F-AB79-7701722B4848}"
	ProjectSection(SolutionItems) = preProject
		libs\FzCoreLib.Windows.dll = libs\FzCoreLib.Windows.dll
		libs\FzGeographyLib.dll = libs\FzGeographyLib.dll
		libs\FzStandardLib.dll = libs\FzStandardLib.dll
	EndProjectSection
EndProject
Project("{9A19103F-16F7-4668-BE54-9A1E7A4F7556}") = "MapBoard.AfterBuild", "AfterBuild\MapBoard.AfterBuild.csproj", "{AAAF24F7-327D-45DD-A8D7-9750BEA582E1}"
EndProject
Project("{9A19103F-16F7-4668-BE54-9A1E7A4F7556}") = "ModernWpf.FzExtension", "ModernWpf.FzExtension\ModernWpf.FzExtension.csproj", "{F5D99D6B-C794-4E2D-BB07-172D2EE954BB}"
EndProject
Project("{9A19103F-16F7-4668-BE54-9A1E7A4F7556}") = "EGIS.ShapeFileLib", "EGIS.ShapeFileLib\EGIS.ShapeFileLib.csproj", "{EAB9F034-409B-4DCD-9375-4FF08D0E05AC}"
EndProject
Project("{9A19103F-16F7-4668-BE54-9A1E7A4F7556}") = "EGIS.Projections", "EGIS.Projections\EGIS.Projections.csproj", "{0BA966E0-99DA-4F9F-8598-42A8EC30BB33}"
EndProject
Project("{2150E333-8FDC-42A3-9474-1A3956D46DE8}") = "EGIS", "EGIS", "{78B828B7-73EE-48AA-A61D-CE5A1469F6E7}"
EndProject
Project("{9A19103F-16F7-4668-BE54-9A1E7A4F7556}") = "MapBoard.Extension.AMap", "MapBoard.Extension.AMap\MapBoard.Extension.AMap.csproj", "{B41ABD5F-F590-40E1-BA8E-1B1B2022E55A}"
EndProject
Project("{2150E333-8FDC-42A3-9474-1A3956D46DE8}") = "Extension", "Extension", "{B23DB5AB-F196-41BE-BFE9-9EB866D37D95}"
EndProject
Project("{9A19103F-16F7-4668-BE54-9A1E7A4F7556}") = "MapBoard.Extension", "MapBoard.Extension\MapBoard.Extension.csproj", "{D94F4B33-78A5-4F0B-B18C-E6FC5E2F4372}"
EndProject
Project("{9A19103F-16F7-4668-BE54-9A1E7A4F7556}") = "MapBoard.Core", "MapBoard.Core\MapBoard.Core.csproj", "{44CA88E5-E6C1-4106-BCA0-57DC0DEA9795}"
EndProject
Project("{FAE04EC0-301F-11D3-BF4B-00C04F79EFBC}") = "MapBoard.Model", "MapBoard.Model\MapBoard.Model.csproj", "{055A507D-9167-41AE-A0DA-C7EBC2093EF6}"
EndProject
Global
	GlobalSection(SolutionConfigurationPlatforms) = preSolution
		Debug|Any CPU = Debug|Any CPU
		Release|Any CPU = Release|Any CPU
	EndGlobalSection
	GlobalSection(ProjectConfigurationPlatforms) = postSolution
		{F45A258E-E3BE-4870-A1FB-F725EF30A852}.Debug|Any CPU.ActiveCfg = Debug|Any CPU
		{F45A258E-E3BE-4870-A1FB-F725EF30A852}.Debug|Any CPU.Build.0 = Debug|Any CPU
		{F45A258E-E3BE-4870-A1FB-F725EF30A852}.Release|Any CPU.ActiveCfg = Release|Any CPU
		{F45A258E-E3BE-4870-A1FB-F725EF30A852}.Release|Any CPU.Build.0 = Release|Any CPU
		{AAAF24F7-327D-45DD-A8D7-9750BEA582E1}.Debug|Any CPU.ActiveCfg = Debug|Any CPU
		{AAAF24F7-327D-45DD-A8D7-9750BEA582E1}.Debug|Any CPU.Build.0 = Debug|Any CPU
		{AAAF24F7-327D-45DD-A8D7-9750BEA582E1}.Release|Any CPU.ActiveCfg = Release|Any CPU
		{AAAF24F7-327D-45DD-A8D7-9750BEA582E1}.Release|Any CPU.Build.0 = Release|Any CPU
		{F5D99D6B-C794-4E2D-BB07-172D2EE954BB}.Debug|Any CPU.ActiveCfg = Debug|Any CPU
		{F5D99D6B-C794-4E2D-BB07-172D2EE954BB}.Debug|Any CPU.Build.0 = Debug|Any CPU
		{F5D99D6B-C794-4E2D-BB07-172D2EE954BB}.Release|Any CPU.ActiveCfg = Release|Any CPU
		{F5D99D6B-C794-4E2D-BB07-172D2EE954BB}.Release|Any CPU.Build.0 = Release|Any CPU
		{EAB9F034-409B-4DCD-9375-4FF08D0E05AC}.Debug|Any CPU.ActiveCfg = Debug|Any CPU
		{EAB9F034-409B-4DCD-9375-4FF08D0E05AC}.Debug|Any CPU.Build.0 = Debug|Any CPU
		{EAB9F034-409B-4DCD-9375-4FF08D0E05AC}.Release|Any CPU.ActiveCfg = Release|Any CPU
		{EAB9F034-409B-4DCD-9375-4FF08D0E05AC}.Release|Any CPU.Build.0 = Release|Any CPU
		{0BA966E0-99DA-4F9F-8598-42A8EC30BB33}.Debug|Any CPU.ActiveCfg = Debug|Any CPU
		{0BA966E0-99DA-4F9F-8598-42A8EC30BB33}.Debug|Any CPU.Build.0 = Debug|Any CPU
		{0BA966E0-99DA-4F9F-8598-42A8EC30BB33}.Release|Any CPU.ActiveCfg = Release|Any CPU
		{0BA966E0-99DA-4F9F-8598-42A8EC30BB33}.Release|Any CPU.Build.0 = Release|Any CPU
		{B41ABD5F-F590-40E1-BA8E-1B1B2022E55A}.Debug|Any CPU.ActiveCfg = Debug|Any CPU
		{B41ABD5F-F590-40E1-BA8E-1B1B2022E55A}.Debug|Any CPU.Build.0 = Debug|Any CPU
		{B41ABD5F-F590-40E1-BA8E-1B1B2022E55A}.Release|Any CPU.ActiveCfg = Release|Any CPU
		{B41ABD5F-F590-40E1-BA8E-1B1B2022E55A}.Release|Any CPU.Build.0 = Release|Any CPU
		{D94F4B33-78A5-4F0B-B18C-E6FC5E2F4372}.Debug|Any CPU.ActiveCfg = Debug|Any CPU
		{D94F4B33-78A5-4F0B-B18C-E6FC5E2F4372}.Debug|Any CPU.Build.0 = Debug|Any CPU
		{D94F4B33-78A5-4F0B-B18C-E6FC5E2F4372}.Release|Any CPU.ActiveCfg = Release|Any CPU
		{D94F4B33-78A5-4F0B-B18C-E6FC5E2F4372}.Release|Any CPU.Build.0 = Release|Any CPU
		{44CA88E5-E6C1-4106-BCA0-57DC0DEA9795}.Debug|Any CPU.ActiveCfg = Debug|Any CPU
		{44CA88E5-E6C1-4106-BCA0-57DC0DEA9795}.Debug|Any CPU.Build.0 = Debug|Any CPU
		{44CA88E5-E6C1-4106-BCA0-57DC0DEA9795}.Release|Any CPU.ActiveCfg = Release|Any CPU
		{44CA88E5-E6C1-4106-BCA0-57DC0DEA9795}.Release|Any CPU.Build.0 = Release|Any CPU
		{055A507D-9167-41AE-A0DA-C7EBC2093EF6}.Debug|Any CPU.ActiveCfg = Debug|Any CPU
		{055A507D-9167-41AE-A0DA-C7EBC2093EF6}.Debug|Any CPU.Build.0 = Debug|Any CPU
		{055A507D-9167-41AE-A0DA-C7EBC2093EF6}.Release|Any CPU.ActiveCfg = Release|Any CPU
		{055A507D-9167-41AE-A0DA-C7EBC2093EF6}.Release|Any CPU.Build.0 = Release|Any CPU
	EndGlobalSection
	GlobalSection(SolutionProperties) = preSolution
		HideSolutionNode = FALSE
	EndGlobalSection
	GlobalSection(NestedProjects) = preSolution
		{EAB9F034-409B-4DCD-9375-4FF08D0E05AC} = {78B828B7-73EE-48AA-A61D-CE5A1469F6E7}
		{0BA966E0-99DA-4F9F-8598-42A8EC30BB33} = {78B828B7-73EE-48AA-A61D-CE5A1469F6E7}
		{B41ABD5F-F590-40E1-BA8E-1B1B2022E55A} = {B23DB5AB-F196-41BE-BFE9-9EB866D37D95}
		{D94F4B33-78A5-4F0B-B18C-E6FC5E2F4372} = {B23DB5AB-F196-41BE-BFE9-9EB866D37D95}
	EndGlobalSection
	GlobalSection(ExtensibilityGlobals) = postSolution
		SolutionGuid = {E8397796-2201-4232-B77E-520F2EA99383}
	EndGlobalSection
EndGlobal
